// !$*UTF8*$!
{
	archiveVersion = 1;
	classes = {
	};
	objectVersion = 46;
	objects = {

/* Begin PBXBuildFile section */
		F5AC21761AFDA9B6001F013D /* MenuViewEx.m in Sources */ = {isa = PBXBuildFile; fileRef = F5AC21751AFDA9B6001F013D /* MenuViewEx.m */; };
		F5AC217E1AFE576E001F013D /* MenuViewController.m in Sources */ = {isa = PBXBuildFile; fileRef = F5AC217D1AFE576E001F013D /* MenuViewController.m */; };
		F5AC21811AFFC9A6001F013D /* TableViewViewController.m in Sources */ = {isa = PBXBuildFile; fileRef = F5AC21801AFFC9A6001F013D /* TableViewViewController.m */; };
		F5AC218B1B00447E001F013D /* TripleNestGestureRecognizer.m in Sources */ = {isa = PBXBuildFile; fileRef = F5AC21891B00447E001F013D /* TripleNestGestureRecognizer.m */; };
		F5D7DF0F1AFB90F700F4714B /* main.m in Sources */ = {isa = PBXBuildFile; fileRef = F5D7DF0E1AFB90F700F4714B /* main.m */; };
		F5D7DF121AFB90F700F4714B /* AppDelegate.m in Sources */ = {isa = PBXBuildFile; fileRef = F5D7DF111AFB90F700F4714B /* AppDelegate.m */; };
		F5D7DF151AFB90F700F4714B /* ViewController.m in Sources */ = {isa = PBXBuildFile; fileRef = F5D7DF141AFB90F700F4714B /* ViewController.m */; };
		F5D7DF181AFB90F700F4714B /* Main.storyboard in Resources */ = {isa = PBXBuildFile; fileRef = F5D7DF161AFB90F700F4714B /* Main.storyboard */; };
		F5D7DF1A1AFB90F700F4714B /* Images.xcassets in Resources */ = {isa = PBXBuildFile; fileRef = F5D7DF191AFB90F700F4714B /* Images.xcassets */; };
		F5D7DF1D1AFB90F700F4714B /* LaunchScreen.xib in Resources */ = {isa = PBXBuildFile; fileRef = F5D7DF1B1AFB90F700F4714B /* LaunchScreen.xib */; };
		F5D7DF291AFB90F700F4714B /* TableViewDemoTests.m in Sources */ = {isa = PBXBuildFile; fileRef = F5D7DF281AFB90F700F4714B /* TableViewDemoTests.m */; };
		F5D7DF351AFB946700F4714B /* TableViewCell.m in Sources */ = {isa = PBXBuildFile; fileRef = F5D7DF331AFB946700F4714B /* TableViewCell.m */; };
		F5D7DF361AFB946700F4714B /* TableViewCell.xib in Resources */ = {isa = PBXBuildFile; fileRef = F5D7DF341AFB946700F4714B /* TableViewCell.xib */; };
/* End PBXBuildFile section */

/* Begin PBXContainerItemProxy section */
		F5D7DF231AFB90F700F4714B /* PBXContainerItemProxy */ = {
			isa = PBXContainerItemProxy;
			containerPortal = F5D7DF011AFB90F700F4714B /* Project object */;
			proxyType = 1;
			remoteGlobalIDString = F5D7DF081AFB90F700F4714B;
			remoteInfo = TableViewDemo;
		};
/* End PBXContainerItemProxy section */

/* Begin PBXFileReference section */
		F5AC21741AFDA9B6001F013D /* MenuViewEx.h */ = {isa = PBXFileReference; fileEncoding = 4; lastKnownFileType = sourcecode.c.h; path = MenuViewEx.h; sourceTree = "<group>"; };
		F5AC21751AFDA9B6001F013D /* MenuViewEx.m */ = {isa = PBXFileReference; fileEncoding = 4; lastKnownFileType = sourcecode.c.objc; path = MenuViewEx.m; sourceTree = "<group>"; };
		F5AC217C1AFE576E001F013D /* MenuViewController.h */ = {isa = PBXFileReference; fileEncoding = 4; lastKnownFileType = sourcecode.c.h; path = MenuViewController.h; sourceTree = "<group>"; };
		F5AC217D1AFE576E001F013D /* MenuViewController.m */ = {isa = PBXFileReference; fileEncoding = 4; lastKnownFileType = sourcecode.c.objc; path = MenuViewController.m; sourceTree = "<group>"; };
		F5AC217F1AFFC9A6001F013D /* TableViewViewController.h */ = {isa = PBXFileReference; fileEncoding = 4; lastKnownFileType = sourcecode.c.h; path = TableViewViewController.h; sourceTree = "<group>"; };
		F5AC21801AFFC9A6001F013D /* TableViewViewController.m */ = {isa = PBXFileReference; fileEncoding = 4; lastKnownFileType = sourcecode.c.objc; path = TableViewViewController.m; sourceTree = "<group>"; };
		F5AC21881B00447E001F013D /* TripleNestGestureRecognizer.h */ = {isa = PBXFileReference; fileEncoding = 4; lastKnownFileType = sourcecode.c.h; path = TripleNestGestureRecognizer.h; sourceTree = "<group>"; };
		F5AC21891B00447E001F013D /* TripleNestGestureRecognizer.m */ = {isa = PBXFileReference; fileEncoding = 4; lastKnownFileType = sourcecode.c.objc; path = TripleNestGestureRecognizer.m; sourceTree = "<group>"; };
		F5D7DF091AFB90F700F4714B /* TableViewDemo.app */ = {isa = PBXFileReference; explicitFileType = wrapper.application; includeInIndex = 0; path = TableViewDemo.app; sourceTree = BUILT_PRODUCTS_DIR; };
		F5D7DF0D1AFB90F700F4714B /* Info.plist */ = {isa = PBXFileReference; lastKnownFileType = text.plist.xml; path = Info.plist; sourceTree = "<group>"; };
		F5D7DF0E1AFB90F700F4714B /* main.m */ = {isa = PBXFileReference; lastKnownFileType = sourcecode.c.objc; path = main.m; sourceTree = "<group>"; };
		F5D7DF101AFB90F700F4714B /* AppDelegate.h */ = {isa = PBXFileReference; lastKnownFileType = sourcecode.c.h; path = AppDelegate.h; sourceTree = "<group>"; };
		F5D7DF111AFB90F700F4714B /* AppDelegate.m */ = {isa = PBXFileReference; lastKnownFileType = sourcecode.c.objc; path = AppDelegate.m; sourceTree = "<group>"; };
		F5D7DF131AFB90F700F4714B /* ViewController.h */ = {isa = PBXFileReference; lastKnownFileType = sourcecode.c.h; path = ViewController.h; sourceTree = "<group>"; };
		F5D7DF141AFB90F700F4714B /* ViewController.m */ = {isa = PBXFileReference; lastKnownFileType = sourcecode.c.objc; path = ViewController.m; sourceTree = "<group>"; };
		F5D7DF171AFB90F700F4714B /* Base */ = {isa = PBXFileReference; lastKnownFileType = file.storyboard; name = Base; path = Base.lproj/Main.storyboard; sourceTree = "<group>"; };
		F5D7DF191AFB90F700F4714B /* Images.xcassets */ = {isa = PBXFileReference; lastKnownFileType = folder.assetcatalog; path = Images.xcassets; sourceTree = "<group>"; };
		F5D7DF1C1AFB90F700F4714B /* Base */ = {isa = PBXFileReference; lastKnownFileType = file.xib; name = Base; path = Base.lproj/LaunchScreen.xib; sourceTree = "<group>"; };
		F5D7DF221AFB90F700F4714B /* TableViewDemoTests.xctest */ = {isa = PBXFileReference; explicitFileType = wrapper.cfbundle; includeInIndex = 0; path = TableViewDemoTests.xctest; sourceTree = BUILT_PRODUCTS_DIR; };
		F5D7DF271AFB90F700F4714B /* Info.plist */ = {isa = PBXFileReference; lastKnownFileType = text.plist.xml; path = Info.plist; sourceTree = "<group>"; };
		F5D7DF281AFB90F700F4714B /* TableViewDemoTests.m */ = {isa = PBXFileReference; lastKnownFileType = sourcecode.c.objc; path = TableViewDemoTests.m; sourceTree = "<group>"; };
		F5D7DF321AFB946700F4714B /* TableViewCell.h */ = {isa = PBXFileReference; fileEncoding = 4; lastKnownFileType = sourcecode.c.h; path = TableViewCell.h; sourceTree = "<group>"; };
		F5D7DF331AFB946700F4714B /* TableViewCell.m */ = {isa = PBXFileReference; fileEncoding = 4; lastKnownFileType = sourcecode.c.objc; path = TableViewCell.m; sourceTree = "<group>"; };
		F5D7DF341AFB946700F4714B /* TableViewCell.xib */ = {isa = PBXFileReference; fileEncoding = 4; lastKnownFileType = file.xib; path = TableViewCell.xib; sourceTree = "<group>"; };
/* End PBXFileReference section */

/* Begin PBXFrameworksBuildPhase section */
		F5D7DF061AFB90F700F4714B /* Frameworks */ = {
			isa = PBXFrameworksBuildPhase;
			buildActionMask = 2147483647;
			files = (
			);
			runOnlyForDeploymentPostprocessing = 0;
		};
		F5D7DF1F1AFB90F700F4714B /* Frameworks */ = {
			isa = PBXFrameworksBuildPhase;
			buildActionMask = 2147483647;
			files = (
			);
			runOnlyForDeploymentPostprocessing = 0;
		};
/* End PBXFrameworksBuildPhase section */

/* Begin PBXGroup section */
		F5AC217B1AFE576E001F013D /* menuViewController */ = {
			isa = PBXGroup;
			children = (
				F5AC217C1AFE576E001F013D /* MenuViewController.h */,
				F5AC217D1AFE576E001F013D /* MenuViewController.m */,
			);
			path = menuViewController;
			sourceTree = "<group>";
		};
		F5AC21861B00447E001F013D /* TripleScrollViews */ = {
			isa = PBXGroup;
			children = (
				F5AC21881B00447E001F013D /* TripleNestGestureRecognizer.h */,
				F5AC21891B00447E001F013D /* TripleNestGestureRecognizer.m */,
			);
			path = TripleScrollViews;
			sourceTree = "<group>";
		};
		F5D7DF001AFB90F700F4714B = {
			isa = PBXGroup;
			children = (
				F5D7DF0B1AFB90F700F4714B /* TableViewDemo */,
				F5D7DF251AFB90F700F4714B /* TableViewDemoTests */,
				F5D7DF0A1AFB90F700F4714B /* Products */,
			);
			sourceTree = "<group>";
		};
		F5D7DF0A1AFB90F700F4714B /* Products */ = {
			isa = PBXGroup;
			children = (
				F5D7DF091AFB90F700F4714B /* TableViewDemo.app */,
				F5D7DF221AFB90F700F4714B /* TableViewDemoTests.xctest */,
			);
			name = Products;
			sourceTree = "<group>";
		};
		F5D7DF0B1AFB90F700F4714B /* TableViewDemo */ = {
			isa = PBXGroup;
			children = (
				F5AC21861B00447E001F013D /* TripleScrollViews */,
				F5AC217F1AFFC9A6001F013D /* TableViewViewController.h */,
				F5AC21801AFFC9A6001F013D /* TableViewViewController.m */,
				F5AC217B1AFE576E001F013D /* menuViewController */,
				F5D7DF101AFB90F700F4714B /* AppDelegate.h */,
				F5D7DF111AFB90F700F4714B /* AppDelegate.m */,
				F5AC21741AFDA9B6001F013D /* MenuViewEx.h */,
				F5AC21751AFDA9B6001F013D /* MenuViewEx.m */,
				F5D7DF131AFB90F700F4714B /* ViewController.h */,
				F5D7DF141AFB90F700F4714B /* ViewController.m */,
				F5D7DF321AFB946700F4714B /* TableViewCell.h */,
				F5D7DF331AFB946700F4714B /* TableViewCell.m */,
				F5D7DF341AFB946700F4714B /* TableViewCell.xib */,
				F5D7DF161AFB90F700F4714B /* Main.storyboard */,
				F5D7DF191AFB90F700F4714B /* Images.xcassets */,
				F5D7DF1B1AFB90F700F4714B /* LaunchScreen.xib */,
				F5D7DF0C1AFB90F700F4714B /* Supporting Files */,
			);
			path = TableViewDemo;
			sourceTree = "<group>";
		};
		F5D7DF0C1AFB90F700F4714B /* Supporting Files */ = {
			isa = PBXGroup;
			children = (
				F5D7DF0D1AFB90F700F4714B /* Info.plist */,
				F5D7DF0E1AFB90F700F4714B /* main.m */,
			);
			name = "Supporting Files";
			sourceTree = "<group>";
		};
		F5D7DF251AFB90F700F4714B /* TableViewDemoTests */ = {
			isa = PBXGroup;
			children = (
				F5D7DF281AFB90F700F4714B /* TableViewDemoTests.m */,
				F5D7DF261AFB90F700F4714B /* Supporting Files */,
			);
			path = TableViewDemoTests;
			sourceTree = "<group>";
		};
		F5D7DF261AFB90F700F4714B /* Supporting Files */ = {
			isa = PBXGroup;
			children = (
				F5D7DF271AFB90F700F4714B /* Info.plist */,
			);
			name = "Supporting Files";
			sourceTree = "<group>";
		};
/* End PBXGroup section */

/* Begin PBXNativeTarget section */
		F5D7DF081AFB90F700F4714B /* TableViewDemo */ = {
			isa = PBXNativeTarget;
			buildConfigurationList = F5D7DF2C1AFB90F700F4714B /* Build configuration list for PBXNativeTarget "TableViewDemo" */;
			buildPhases = (
				F5D7DF051AFB90F700F4714B /* Sources */,
				F5D7DF061AFB90F700F4714B /* Frameworks */,
				F5D7DF071AFB90F700F4714B /* Resources */,
			);
			buildRules = (
			);
			dependencies = (
			);
			name = TableViewDemo;
			productName = TableViewDemo;
			productReference = F5D7DF091AFB90F700F4714B /* TableViewDemo.app */;
			productType = "com.apple.product-type.application";
		};
		F5D7DF211AFB90F700F4714B /* TableViewDemoTests */ = {
			isa = PBXNativeTarget;
			buildConfigurationList = F5D7DF2F1AFB90F700F4714B /* Build configuration list for PBXNativeTarget "TableViewDemoTests" */;
			buildPhases = (
				F5D7DF1E1AFB90F700F4714B /* Sources */,
				F5D7DF1F1AFB90F700F4714B /* Frameworks */,
				F5D7DF201AFB90F700F4714B /* Resources */,
			);
			buildRules = (
			);
			dependencies = (
				F5D7DF241AFB90F700F4714B /* PBXTargetDependency */,
			);
			name = TableViewDemoTests;
			productName = TableViewDemoTests;
			productReference = F5D7DF221AFB90F700F4714B /* TableViewDemoTests.xctest */;
			productType = "com.apple.product-type.bundle.unit-test";
		};
/* End PBXNativeTarget section */

/* Begin PBXProject section */
		F5D7DF011AFB90F700F4714B /* Project object */ = {
			isa = PBXProject;
			attributes = {
				LastUpgradeCheck = 0610;
				ORGANIZATIONNAME = think;
				TargetAttributes = {
					F5D7DF081AFB90F700F4714B = {
						CreatedOnToolsVersion = 6.1;
					};
					F5D7DF211AFB90F700F4714B = {
						CreatedOnToolsVersion = 6.1;
						TestTargetID = F5D7DF081AFB90F700F4714B;
					};
				};
			};
			buildConfigurationList = F5D7DF041AFB90F700F4714B /* Build configuration list for PBXProject "TableViewDemo" */;
			compatibilityVersion = "Xcode 3.2";
			developmentRegion = English;
			hasScannedForEncodings = 0;
			knownRegions = (
				en,
				Base,
			);
			mainGroup = F5D7DF001AFB90F700F4714B;
			productRefGroup = F5D7DF0A1AFB90F700F4714B /* Products */;
			projectDirPath = "";
			projectRoot = "";
			targets = (
				F5D7DF081AFB90F700F4714B /* TableViewDemo */,
				F5D7DF211AFB90F700F4714B /* TableViewDemoTests */,
			);
		};
/* End PBXProject section */

/* Begin PBXResourcesBuildPhase section */
		F5D7DF071AFB90F700F4714B /* Resources */ = {
			isa = PBXResourcesBuildPhase;
			buildActionMask = 2147483647;
			files = (
				F5D7DF181AFB90F700F4714B /* Main.storyboard in Resources */,
				F5D7DF361AFB946700F4714B /* TableViewCell.xib in Resources */,
				F5D7DF1D1AFB90F700F4714B /* LaunchScreen.xib in Resources */,
				F5D7DF1A1AFB90F700F4714B /* Images.xcassets in Resources */,
			);
			runOnlyForDeploymentPostprocessing = 0;
		};
		F5D7DF201AFB90F700F4714B /* Resources */ = {
			isa = PBXResourcesBuildPhase;
			buildActionMask = 2147483647;
			files = (
			);
			runOnlyForDeploymentPostprocessing = 0;
		};
/* End PBXResourcesBuildPhase section */

/* Begin PBXSourcesBuildPhase section */
		F5D7DF051AFB90F700F4714B /* Sources */ = {
			isa = PBXSourcesBuildPhase;
			buildActionMask = 2147483647;
			files = (
				F5D7DF151AFB90F700F4714B /* ViewController.m in Sources */,
				F5AC218B1B00447E001F013D /* TripleNestGestureRecognizer.m in Sources */,
				F5AC217E1AFE576E001F013D /* MenuViewController.m in Sources */,
				F5AC21761AFDA9B6001F013D /* MenuViewEx.m in Sources */,
				F5D7DF351AFB946700F4714B /* TableViewCell.m in Sources */,
				F5D7DF121AFB90F700F4714B /* AppDelegate.m in Sources */,
				F5D7DF0F1AFB90F700F4714B /* main.m in Sources */,
				F5AC21811AFFC9A6001F013D /* TableViewViewController.m in Sources */,
			);
			runOnlyForDeploymentPostprocessing = 0;
		};
		F5D7DF1E1AFB90F700F4714B /* Sources */ = {
			isa = PBXSourcesBuildPhase;
			buildActionMask = 2147483647;
			files = (
				F5D7DF291AFB90F700F4714B /* TableViewDemoTests.m in Sources */,
			);
			runOnlyForDeploymentPostprocessing = 0;
		};
/* End PBXSourcesBuildPhase section */

/* Begin PBXTargetDependency section */
		F5D7DF241AFB90F700F4714B /* PBXTargetDependency */ = {
			isa = PBXTargetDependency;
			target = F5D7DF081AFB90F700F4714B /* TableViewDemo */;
			targetProxy = F5D7DF231AFB90F700F4714B /* PBXContainerItemProxy */;
		};
/* End PBXTargetDependency section */

/* Begin PBXVariantGroup section */
		F5D7DF161AFB90F700F4714B /* Main.storyboard */ = {
			isa = PBXVariantGroup;
			children = (
				F5D7DF171AFB90F700F4714B /* Base */,
			);
			name = Main.storyboard;
			sourceTree = "<group>";
		};
		F5D7DF1B1AFB90F700F4714B /* LaunchScreen.xib */ = {
			isa = PBXVariantGroup;
			children = (
				F5D7DF1C1AFB90F700F4714B /* Base */,
			);
			name = LaunchScreen.xib;
			sourceTree = "<group>";
		};
/* End PBXVariantGroup section */

/* Begin XCBuildConfiguration section */
		F5D7DF2A1AFB90F700F4714B /* Debug */ = {
			isa = XCBuildConfiguration;
			buildSettings = {
				ALWAYS_SEARCH_USER_PATHS = NO;
				CLANG_CXX_LANGUAGE_STANDARD = "gnu++0x";
				CLANG_CXX_LIBRARY = "libc++";
				CLANG_ENABLE_MODULES = YES;
				CLANG_ENABLE_OBJC_ARC = YES;
				CLANG_WARN_BOOL_CONVERSION = YES;
				CLANG_WARN_CONSTANT_CONVERSION = YES;
				CLANG_WARN_DIRECT_OBJC_ISA_USAGE = YES_ERROR;
				CLANG_WARN_EMPTY_BODY = YES;
				CLANG_WARN_ENUM_CONVERSION = YES;
				CLANG_WARN_INT_CONVERSION = YES;
				CLANG_WARN_OBJC_ROOT_CLASS = YES_ERROR;
				CLANG_WARN_UNREACHABLE_CODE = YES;
				CLANG_WARN__DUPLICATE_METHOD_MATCH = YES;
				"CODE_SIGN_IDENTITY[sdk=iphoneos*]" = "iPhone Developer";
				COPY_PHASE_STRIP = NO;
				ENABLE_STRICT_OBJC_MSGSEND = YES;
				GCC_C_LANGUAGE_STANDARD = gnu99;
				GCC_DYNAMIC_NO_PIC = NO;
				GCC_OPTIMIZATION_LEVEL = 0;
				GCC_PREPROCESSOR_DEFINITIONS = (
					"DEBUG=1",
					"$(inherited)",
				);
				GCC_SYMBOLS_PRIVATE_EXTERN = NO;
				GCC_WARN_64_TO_32_BIT_CONVERSION = YES;
				GCC_WARN_ABOUT_RETURN_TYPE = YES_ERROR;
				GCC_WARN_UNDECLARED_SELECTOR = YES;
				GCC_WARN_UNINITIALIZED_AUTOS = YES_AGGRESSIVE;
				GCC_WARN_UNUSED_FUNCTION = YES;
				GCC_WARN_UNUSED_VARIABLE = YES;
				IPHONEOS_DEPLOYMENT_TARGET = 8.1;
				MTL_ENABLE_DEBUG_INFO = YES;
				ONLY_ACTIVE_ARCH = YES;
				SDKROOT = iphoneos;
			};
			name = Debug;
		};
		F5D7DF2B1AFB90F700F4714B /* Release */ = {
			isa = XCBuildConfiguration;
			buildSettings = {
				ALWAYS_SEARCH_USER_PATHS = NO;
				CLANG_CXX_LANGUAGE_STANDARD = "gnu++0x";
				CLANG_CXX_LIBRARY = "libc++";
				CLANG_ENABLE_MODULES = YES;
				CLANG_ENABLE_OBJC_ARC = YES;
				CLANG_WARN_BOOL_CONVERSION = YES;
				CLANG_WARN_CONSTANT_CONVERSION = YES;
				CLANG_WARN_DIRECT_OBJC_ISA_USAGE = YES_ERROR;
				CLANG_WARN_EMPTY_BODY = YES;
				CLANG_WARN_ENUM_CONVERSION = YES;
				CLANG_WARN_INT_CONVERSION = YES;
				CLANG_WARN_OBJC_ROOT_CLASS = YES_ERROR;
				CLANG_WARN_UNREACHABLE_CODE = YES;
				CLANG_WARN__DUPLICATE_METHOD_MATCH = YES;
				"CODE_SIGN_IDENTITY[sdk=iphoneos*]" = "iPhone Developer";
				COPY_PHASE_STRIP = YES;
				ENABLE_NS_ASSERTIONS = NO;
				ENABLE_STRICT_OBJC_MSGSEND = YES;
				GCC_C_LANGUAGE_STANDARD = gnu99;
				GCC_WARN_64_TO_32_BIT_CONVERSION = YES;
				GCC_WARN_ABOUT_RETURN_TYPE = YES_ERROR;
				GCC_WARN_UNDECLARED_SELECTOR = YES;
				GCC_WARN_UNINITIALIZED_AUTOS = YES_AGGRESSIVE;
				GCC_WARN_UNUSED_FUNCTION = YES;
				GCC_WARN_UNUSED_VARIABLE = YES;
				IPHONEOS_DEPLOYMENT_TARGET = 8.1;
				MTL_ENABLE_DEBUG_INFO = NO;
				SDKROOT = iphoneos;
				VALIDATE_PRODUCT = YES;
			};
			name = Release;
		};
		F5D7DF2D1AFB90F700F4714B /* Debug */ = {
			isa = XCBuildConfiguration;
			buildSettings = {
				ASSETCATALOG_COMPILER_APPICON_NAME = AppIcon;
				FRAMEWORK_SEARCH_PATHS = (
					"$(inherited)",
					"$(PROJECT_DIR)/TableViewDemo/TripleScrollViews",
				);
				INFOPLIST_FILE = TableViewDemo/Info.plist;
				LD_RUNPATH_SEARCH_PATHS = "$(inherited) @executable_path/Frameworks";
				PRODUCT_NAME = "$(TARGET_NAME)";
			};
			name = Debug;
		};
		F5D7DF2E1AFB90F700F4714B /* Release */ = {
			isa = XCBuildConfiguration;
			buildSettings = {
				ASSETCATALOG_COMPILER_APPICON_NAME = AppIcon;
				FRAMEWORK_SEARCH_PATHS = (
					"$(inherited)",
					"$(PROJECT_DIR)/TableViewDemo/TripleScrollViews",
				);
				INFOPLIST_FILE = TableViewDemo/Info.plist;
				LD_RUNPATH_SEARCH_PATHS = "$(inherited) @executable_path/Frameworks";
				PRODUCT_NAME = "$(TARGET_NAME)";
			};
			name = Release;
		};
		F5D7DF301AFB90F700F4714B /* Debug */ = {
			isa = XCBuildConfiguration;
			buildSettings = {
				BUNDLE_LOADER = "$(TEST_HOST)";
				FRAMEWORK_SEARCH_PATHS = (
					"$(SDKROOT)/Developer/Library/Frameworks",
					"$(inherited)",
				);
				GCC_PREPROCESSOR_DEFINITIONS = (
					"DEBUG=1",
					"$(inherited)",
				);
				INFOPLIST_FILE = TableViewDemoTests/Info.plist;
				LD_RUNPATH_SEARCH_PATHS = "$(inherited) @executable_path/Frameworks @loader_path/Frameworks";
				PRODUCT_NAME = "$(TARGET_NAME)";
				TEST_HOST = "$(BUILT_PRODUCTS_DIR)/TableViewDemo.app/TableViewDemo";
			};
			name = Debug;
		};
		F5D7DF311AFB90F700F4714B /* Release */ = {
			isa = XCBuildConfiguration;
			buildSettings = {
				BUNDLE_LOADER = "$(TEST_HOST)";
				FRAMEWORK_SEARCH_PATHS = (
					"$(SDKROOT)/Developer/Library/Frameworks",
					"$(inherited)",
				);
				INFOPLIST_FILE = TableViewDemoTests/Info.plist;
				LD_RUNPATH_SEARCH_PATHS = "$(inherited) @executable_path/Frameworks @loader_path/Frameworks";
				PRODUCT_NAME = "$(TARGET_NAME)";
				TEST_HOST = "$(BUILT_PRODUCTS_DIR)/TableViewDemo.app/TableViewDemo";
			};
			name = Release;
		};
/* End XCBuildConfiguration section */

/* Begin XCConfigurationList section */
		F5D7DF041AFB90F700F4714B /* Build configuration list for PBXProject "TableViewDemo" */ = {
			isa = XCConfigurationList;
			buildConfigurations = (
				F5D7DF2A1AFB90F700F4714B /* Debug */,
				F5D7DF2B1AFB90F700F4714B /* Release */,
			);
			defaultConfigurationIsVisible = 0;
			defaultConfigurationName = Release;
		};
		F5D7DF2C1AFB90F700F4714B /* Build configuration list for PBXNativeTarget "TableViewDemo" */ = {
			isa = XCConfigurationList;
			buildConfigurations = (
				F5D7DF2D1AFB90F700F4714B /* Debug */,
				F5D7DF2E1AFB90F700F4714B /* Release */,
			);
			defaultConfigurationIsVisible = 0;
			defaultConfigurationName = Release;
		};
		F5D7DF2F1AFB90F700F4714B /* Build configuration list for PBXNativeTarget "TableViewDemoTests" */ = {
			isa = XCConfigurationList;
			buildConfigurations = (
				F5D7DF301AFB90F700F4714B /* Debug */,
				F5D7DF311AFB90F700F4714B /* Release */,
			);
			defaultConfigurationIsVisible = 0;
			defaultConfigurationName = Release;
		};
/* End XCConfigurationList section */
	};
	rootObject = F5D7DF011AFB90F700F4714B /* Project object */;
}
